{
  "version": 4,
  "terraform_version": "1.1.7",
  "serial": 535,
  "lineage": "15cb65ae-09e6-9dc5-9489-eb7346b29735",
  "outputs": {},
  "resources": [
    {
      "mode": "managed",
      "type": "aws_eip",
      "name": "ansible_eip",
      "provider": "provider[\"registry.terraform.io/hashicorp/aws\"]",
      "instances": [
        {
          "schema_version": 0,
          "attributes": {
            "address": null,
            "allocation_id": "eipalloc-071ee3b507ed20a1c",
            "associate_with_private_ip": null,
            "association_id": "eipassoc-0dcf13af639b8a478",
            "carrier_ip": "",
            "customer_owned_ip": "",
            "customer_owned_ipv4_pool": "",
            "domain": "vpc",
            "id": "eipalloc-071ee3b507ed20a1c",
            "instance": "i-0efe7449b0eb7bd99",
            "network_border_group": "sa-east-1",
            "network_interface": "eni-0ddb16572f9ed817d",
            "private_dns": "ip-10-0-1-235.sa-east-1.compute.internal",
            "private_ip": "10.0.1.235",
            "public_dns": "ec2-54-94-108-98.sa-east-1.compute.amazonaws.com",
            "public_ip": "54.94.108.98",
            "public_ipv4_pool": "amazon",
            "tags": {
              "Name": "TerraformApacheServerInstance"
            },
            "tags_all": {
              "Name": "TerraformApacheServerInstance"
            },
            "timeouts": null,
            "vpc": true
          },
          "sensitive_attributes": [],
          "private": "eyJlMmJmYjczMC1lY2FhLTExZTYtOGY4OC0zNDM2M2JjN2M0YzAiOnsiZGVsZXRlIjoxODAwMDAwMDAwMDAsInJlYWQiOjkwMDAwMDAwMDAwMCwidXBkYXRlIjozMDAwMDAwMDAwMDB9fQ==",
          "dependencies": [
            "aws_instance.ansible_ec2_server",
            "aws_internet_gateway.ansible_igw",
            "aws_security_group.ansible_sg",
            "aws_subnet.ansible_subnet",
            "aws_vpc.ansible_vpc"
          ]
        }
      ]
    },
    {
      "mode": "managed",
      "type": "aws_eip",
      "name": "apache_eip",
      "provider": "provider[\"registry.terraform.io/hashicorp/aws\"]",
      "instances": [
        {
          "schema_version": 0,
          "attributes": {
            "address": null,
            "allocation_id": "eipalloc-0990239981ca174d7",
            "associate_with_private_ip": null,
            "association_id": "eipassoc-0f3b86d7e78f8736f",
            "carrier_ip": "",
            "customer_owned_ip": "",
            "customer_owned_ipv4_pool": "",
            "domain": "vpc",
            "id": "eipalloc-0990239981ca174d7",
            "instance": "i-07d9d6aa9349b5abe",
            "network_border_group": "sa-east-1",
            "network_interface": "eni-0ba10c0c6cde9ff63",
            "private_dns": "ip-10-0-1-197.sa-east-1.compute.internal",
            "private_ip": "10.0.1.197",
            "public_dns": "ec2-54-207-193-72.sa-east-1.compute.amazonaws.com",
            "public_ip": "54.207.193.72",
            "public_ipv4_pool": "amazon",
            "tags": {
              "Name": "TerraformApacheServerInstance"
            },
            "tags_all": {
              "Name": "TerraformApacheServerInstance"
            },
            "timeouts": null,
            "vpc": true
          },
          "sensitive_attributes": [],
          "private": "eyJlMmJmYjczMC1lY2FhLTExZTYtOGY4OC0zNDM2M2JjN2M0YzAiOnsiZGVsZXRlIjoxODAwMDAwMDAwMDAsInJlYWQiOjkwMDAwMDAwMDAwMCwidXBkYXRlIjozMDAwMDAwMDAwMDB9fQ==",
          "dependencies": [
            "aws_instance.apache_ec2_server",
            "aws_internet_gateway.apache_igw",
            "aws_security_group.apache_sg",
            "aws_subnet.apache_subnet",
            "aws_vpc.apache_vpc"
          ]
        }
      ]
    },
    {
      "mode": "managed",
      "type": "aws_instance",
      "name": "ansible_ec2_server",
      "provider": "provider[\"registry.terraform.io/hashicorp/aws\"]",
      "instances": [
        {
          "schema_version": 1,
          "attributes": {
            "ami": "ami-090006f29ecb2d79a",
            "arn": "arn:aws:ec2:sa-east-1:013404364960:instance/i-0efe7449b0eb7bd99",
            "associate_public_ip_address": true,
            "availability_zone": "sa-east-1a",
            "capacity_reservation_specification": [
              {
                "capacity_reservation_preference": "open",
                "capacity_reservation_target": []
              }
            ],
            "cpu_core_count": 1,
            "cpu_threads_per_core": 1,
            "credit_specification": [
              {
                "cpu_credits": "standard"
              }
            ],
            "disable_api_termination": false,
            "ebs_block_device": [],
            "ebs_optimized": false,
            "enclave_options": [
              {
                "enabled": false
              }
            ],
            "ephemeral_block_device": [],
            "get_password_data": false,
            "hibernation": false,
            "host_id": null,
            "iam_instance_profile": "",
            "id": "i-0efe7449b0eb7bd99",
            "instance_initiated_shutdown_behavior": "stop",
            "instance_state": "running",
            "instance_type": "t2.micro",
            "ipv6_address_count": 0,
            "ipv6_addresses": [],
            "key_name": "aws_keys",
            "launch_template": [],
            "metadata_options": [
              {
                "http_endpoint": "enabled",
                "http_put_response_hop_limit": 1,
                "http_tokens": "optional",
                "instance_metadata_tags": "disabled"
              }
            ],
            "monitoring": false,
            "network_interface": [],
            "outpost_arn": "",
            "password_data": "",
            "placement_group": "",
            "placement_partition_number": null,
            "primary_network_interface_id": "eni-0ddb16572f9ed817d",
            "private_dns": "ip-10-0-1-235.sa-east-1.compute.internal",
            "private_ip": "10.0.1.235",
            "public_dns": "",
            "public_ip": "54.94.108.98",
            "root_block_device": [
              {
                "delete_on_termination": true,
                "device_name": "/dev/sda1",
                "encrypted": false,
                "iops": 100,
                "kms_key_id": "",
                "tags": {},
                "throughput": 0,
                "volume_id": "vol-0b2c7638d2a6601d4",
                "volume_size": 8,
                "volume_type": "gp2"
              }
            ],
            "secondary_private_ips": [],
            "security_groups": [],
            "source_dest_check": true,
            "subnet_id": "subnet-0b75e305d0c9d78b2",
            "tags": {
              "Name": "TerraformApacheServerInstance"
            },
            "tags_all": {
              "Name": "TerraformApacheServerInstance"
            },
            "tenancy": "default",
            "timeouts": null,
            "user_data": "b00b1b26f55136203262a57a4266dd67916e72b3",
            "user_data_base64": null,
            "volume_tags": null,
            "vpc_security_group_ids": [
              "sg-066434febe6045b4d"
            ]
          },
          "sensitive_attributes": [],
          "private": "eyJlMmJmYjczMC1lY2FhLTExZTYtOGY4OC0zNDM2M2JjN2M0YzAiOnsiY3JlYXRlIjo2MDAwMDAwMDAwMDAsImRlbGV0ZSI6MTIwMDAwMDAwMDAwMCwidXBkYXRlIjo2MDAwMDAwMDAwMDB9LCJzY2hlbWFfdmVyc2lvbiI6IjEifQ==",
          "dependencies": [
            "aws_internet_gateway.ansible_igw",
            "aws_security_group.ansible_sg",
            "aws_subnet.ansible_subnet",
            "aws_vpc.ansible_vpc"
          ]
        }
      ]
    },
    {
      "mode": "managed",
      "type": "aws_instance",
      "name": "apache_ec2_server",
      "provider": "provider[\"registry.terraform.io/hashicorp/aws\"]",
      "instances": [
        {
          "schema_version": 1,
          "attributes": {
            "ami": "ami-090006f29ecb2d79a",
            "arn": "arn:aws:ec2:sa-east-1:013404364960:instance/i-07d9d6aa9349b5abe",
            "associate_public_ip_address": true,
            "availability_zone": "sa-east-1a",
            "capacity_reservation_specification": [
              {
                "capacity_reservation_preference": "open",
                "capacity_reservation_target": []
              }
            ],
            "cpu_core_count": 1,
            "cpu_threads_per_core": 1,
            "credit_specification": [
              {
                "cpu_credits": "standard"
              }
            ],
            "disable_api_termination": false,
            "ebs_block_device": [],
            "ebs_optimized": false,
            "enclave_options": [
              {
                "enabled": false
              }
            ],
            "ephemeral_block_device": [],
            "get_password_data": false,
            "hibernation": false,
            "host_id": null,
            "iam_instance_profile": "",
            "id": "i-07d9d6aa9349b5abe",
            "instance_initiated_shutdown_behavior": "stop",
            "instance_state": "running",
            "instance_type": "t2.micro",
            "ipv6_address_count": 0,
            "ipv6_addresses": [],
            "key_name": "aws_keys",
            "launch_template": [],
            "metadata_options": [
              {
                "http_endpoint": "enabled",
                "http_put_response_hop_limit": 1,
                "http_tokens": "optional",
                "instance_metadata_tags": "disabled"
              }
            ],
            "monitoring": false,
            "network_interface": [],
            "outpost_arn": "",
            "password_data": "",
            "placement_group": "",
            "placement_partition_number": null,
            "primary_network_interface_id": "eni-0ba10c0c6cde9ff63",
            "private_dns": "ip-10-0-1-197.sa-east-1.compute.internal",
            "private_ip": "10.0.1.197",
            "public_dns": "",
            "public_ip": "54.207.193.72",
            "root_block_device": [
              {
                "delete_on_termination": true,
                "device_name": "/dev/sda1",
                "encrypted": false,
                "iops": 100,
                "kms_key_id": "",
                "tags": {},
                "throughput": 0,
                "volume_id": "vol-0831ef168857e64cd",
                "volume_size": 8,
                "volume_type": "gp2"
              }
            ],
            "secondary_private_ips": [],
            "security_groups": [],
            "source_dest_check": true,
            "subnet_id": "subnet-0c8de6bc66269ff95",
            "tags": {
              "Name": "TerraformApacheServerInstance"
            },
            "tags_all": {
              "Name": "TerraformApacheServerInstance"
            },
            "tenancy": "default",
            "timeouts": null,
            "user_data": "178470f6a7d6cc73bed8ac1f1a118872b711f1ac",
            "user_data_base64": null,
            "volume_tags": null,
            "vpc_security_group_ids": [
              "sg-019f2174c8e976d23"
            ]
          },
          "sensitive_attributes": [],
          "private": "eyJlMmJmYjczMC1lY2FhLTExZTYtOGY4OC0zNDM2M2JjN2M0YzAiOnsiY3JlYXRlIjo2MDAwMDAwMDAwMDAsImRlbGV0ZSI6MTIwMDAwMDAwMDAwMCwidXBkYXRlIjo2MDAwMDAwMDAwMDB9LCJzY2hlbWFfdmVyc2lvbiI6IjEifQ==",
          "dependencies": [
            "aws_internet_gateway.apache_igw",
            "aws_security_group.apache_sg",
            "aws_subnet.apache_subnet",
            "aws_vpc.apache_vpc"
          ]
        }
      ]
    },
    {
      "mode": "managed",
      "type": "aws_internet_gateway",
      "name": "ansible_igw",
      "provider": "provider[\"registry.terraform.io/hashicorp/aws\"]",
      "instances": [
        {
          "schema_version": 0,
          "attributes": {
            "arn": "arn:aws:ec2:sa-east-1:013404364960:internet-gateway/igw-09b537600c857fb1e",
            "id": "igw-09b537600c857fb1e",
            "owner_id": "013404364960",
            "tags": {},
            "tags_all": {},
            "vpc_id": "vpc-05dd0deb28f4a7a72"
          },
          "sensitive_attributes": [],
          "private": "bnVsbA==",
          "dependencies": [
            "aws_vpc.ansible_vpc"
          ]
        }
      ]
    },
    {
      "mode": "managed",
      "type": "aws_internet_gateway",
      "name": "apache_igw",
      "provider": "provider[\"registry.terraform.io/hashicorp/aws\"]",
      "instances": [
        {
          "schema_version": 0,
          "attributes": {
            "arn": "arn:aws:ec2:sa-east-1:013404364960:internet-gateway/igw-0bf5ffd1a16b3e7bc",
            "id": "igw-0bf5ffd1a16b3e7bc",
            "owner_id": "013404364960",
            "tags": {},
            "tags_all": {},
            "vpc_id": "vpc-0080ecc874b909fd1"
          },
          "sensitive_attributes": [],
          "private": "bnVsbA==",
          "dependencies": [
            "aws_vpc.apache_vpc"
          ]
        }
      ]
    },
    {
      "mode": "managed",
      "type": "aws_route_table",
      "name": "ansible_route_table",
      "provider": "provider[\"registry.terraform.io/hashicorp/aws\"]",
      "instances": [
        {
          "schema_version": 0,
          "attributes": {
            "arn": "arn:aws:ec2:sa-east-1:013404364960:route-table/rtb-08fc8640be6fdea95",
            "id": "rtb-08fc8640be6fdea95",
            "owner_id": "013404364960",
            "propagating_vgws": [],
            "route": [
              {
                "carrier_gateway_id": "",
                "cidr_block": "0.0.0.0/0",
                "destination_prefix_list_id": "",
                "egress_only_gateway_id": "",
                "gateway_id": "igw-09b537600c857fb1e",
                "instance_id": "",
                "ipv6_cidr_block": "",
                "local_gateway_id": "",
                "nat_gateway_id": "",
                "network_interface_id": "",
                "transit_gateway_id": "",
                "vpc_endpoint_id": "",
                "vpc_peering_connection_id": ""
              }
            ],
            "tags": {},
            "tags_all": {},
            "timeouts": null,
            "vpc_id": "vpc-05dd0deb28f4a7a72"
          },
          "sensitive_attributes": [],
          "private": "eyJlMmJmYjczMC1lY2FhLTExZTYtOGY4OC0zNDM2M2JjN2M0YzAiOnsiY3JlYXRlIjozMDAwMDAwMDAwMDAsImRlbGV0ZSI6MzAwMDAwMDAwMDAwLCJ1cGRhdGUiOjEyMDAwMDAwMDAwMH19",
          "dependencies": [
            "aws_internet_gateway.ansible_igw",
            "aws_vpc.ansible_vpc"
          ]
        }
      ]
    },
    {
      "mode": "managed",
      "type": "aws_route_table",
      "name": "apache_route_table",
      "provider": "provider[\"registry.terraform.io/hashicorp/aws\"]",
      "instances": [
        {
          "schema_version": 0,
          "attributes": {
            "arn": "arn:aws:ec2:sa-east-1:013404364960:route-table/rtb-0a9f9123719feeaca",
            "id": "rtb-0a9f9123719feeaca",
            "owner_id": "013404364960",
            "propagating_vgws": [],
            "route": [
              {
                "carrier_gateway_id": "",
                "cidr_block": "0.0.0.0/0",
                "destination_prefix_list_id": "",
                "egress_only_gateway_id": "",
                "gateway_id": "igw-0bf5ffd1a16b3e7bc",
                "instance_id": "",
                "ipv6_cidr_block": "",
                "local_gateway_id": "",
                "nat_gateway_id": "",
                "network_interface_id": "",
                "transit_gateway_id": "",
                "vpc_endpoint_id": "",
                "vpc_peering_connection_id": ""
              }
            ],
            "tags": {},
            "tags_all": {},
            "timeouts": null,
            "vpc_id": "vpc-0080ecc874b909fd1"
          },
          "sensitive_attributes": [],
          "private": "eyJlMmJmYjczMC1lY2FhLTExZTYtOGY4OC0zNDM2M2JjN2M0YzAiOnsiY3JlYXRlIjozMDAwMDAwMDAwMDAsImRlbGV0ZSI6MzAwMDAwMDAwMDAwLCJ1cGRhdGUiOjEyMDAwMDAwMDAwMH19",
          "dependencies": [
            "aws_internet_gateway.apache_igw",
            "aws_vpc.apache_vpc"
          ]
        }
      ]
    },
    {
      "mode": "managed",
      "type": "aws_route_table_association",
      "name": "ansible_subnet_association",
      "provider": "provider[\"registry.terraform.io/hashicorp/aws\"]",
      "instances": [
        {
          "schema_version": 0,
          "attributes": {
            "gateway_id": "",
            "id": "rtbassoc-0ffc4b0410ba29b99",
            "route_table_id": "rtb-08fc8640be6fdea95",
            "subnet_id": "subnet-0b75e305d0c9d78b2"
          },
          "sensitive_attributes": [],
          "private": "bnVsbA==",
          "dependencies": [
            "aws_internet_gateway.ansible_igw",
            "aws_route_table.ansible_route_table",
            "aws_subnet.ansible_subnet",
            "aws_vpc.ansible_vpc"
          ]
        }
      ]
    },
    {
      "mode": "managed",
      "type": "aws_route_table_association",
      "name": "apache_subnet_association",
      "provider": "provider[\"registry.terraform.io/hashicorp/aws\"]",
      "instances": [
        {
          "schema_version": 0,
          "attributes": {
            "gateway_id": "",
            "id": "rtbassoc-00ee7ee09fcd0e3e5",
            "route_table_id": "rtb-0a9f9123719feeaca",
            "subnet_id": "subnet-0c8de6bc66269ff95"
          },
          "sensitive_attributes": [],
          "private": "bnVsbA==",
          "dependencies": [
            "aws_internet_gateway.apache_igw",
            "aws_route_table.apache_route_table",
            "aws_subnet.apache_subnet",
            "aws_vpc.apache_vpc"
          ]
        }
      ]
    },
    {
      "mode": "managed",
      "type": "aws_security_group",
      "name": "ansible_sg",
      "provider": "provider[\"registry.terraform.io/hashicorp/aws\"]",
      "instances": [
        {
          "schema_version": 1,
          "attributes": {
            "arn": "arn:aws:ec2:sa-east-1:013404364960:security-group/sg-066434febe6045b4d",
            "description": "Configure public access",
            "egress": [
              {
                "cidr_blocks": [
                  "0.0.0.0/0"
                ],
                "description": "",
                "from_port": 0,
                "ipv6_cidr_blocks": [
                  "::/0"
                ],
                "prefix_list_ids": [],
                "protocol": "-1",
                "security_groups": [],
                "self": false,
                "to_port": 0
              }
            ],
            "id": "sg-066434febe6045b4d",
            "ingress": [
              {
                "cidr_blocks": [
                  "0.0.0.0/0"
                ],
                "description": "Internet Connection",
                "from_port": 80,
                "ipv6_cidr_blocks": [],
                "prefix_list_ids": [],
                "protocol": "tcp",
                "security_groups": [],
                "self": false,
                "to_port": 80
              },
              {
                "cidr_blocks": [
                  "0.0.0.0/0"
                ],
                "description": "SSH",
                "from_port": 22,
                "ipv6_cidr_blocks": [],
                "prefix_list_ids": [],
                "protocol": "tcp",
                "security_groups": [],
                "self": false,
                "to_port": 22
              },
              {
                "cidr_blocks": [
                  "0.0.0.0/0"
                ],
                "description": "SSH",
                "from_port": 443,
                "ipv6_cidr_blocks": [],
                "prefix_list_ids": [],
                "protocol": "tcp",
                "security_groups": [],
                "self": false,
                "to_port": 443
              }
            ],
            "name": "ansible_sg",
            "name_prefix": "",
            "owner_id": "013404364960",
            "revoke_rules_on_delete": false,
            "tags": {
              "Name": "TerraformApacheServerInstance"
            },
            "tags_all": {
              "Name": "TerraformApacheServerInstance"
            },
            "timeouts": null,
            "vpc_id": "vpc-05dd0deb28f4a7a72"
          },
          "sensitive_attributes": [],
          "private": "eyJlMmJmYjczMC1lY2FhLTExZTYtOGY4OC0zNDM2M2JjN2M0YzAiOnsiY3JlYXRlIjo2MDAwMDAwMDAwMDAsImRlbGV0ZSI6OTAwMDAwMDAwMDAwfSwic2NoZW1hX3ZlcnNpb24iOiIxIn0=",
          "dependencies": [
            "aws_vpc.ansible_vpc"
          ]
        }
      ]
    },
    {
      "mode": "managed",
      "type": "aws_security_group",
      "name": "apache_sg",
      "provider": "provider[\"registry.terraform.io/hashicorp/aws\"]",
      "instances": [
        {
          "schema_version": 1,
          "attributes": {
            "arn": "arn:aws:ec2:sa-east-1:013404364960:security-group/sg-019f2174c8e976d23",
            "description": "Configure public access",
            "egress": [
              {
                "cidr_blocks": [
                  "0.0.0.0/0"
                ],
                "description": "",
                "from_port": 0,
                "ipv6_cidr_blocks": [
                  "::/0"
                ],
                "prefix_list_ids": [],
                "protocol": "-1",
                "security_groups": [],
                "self": false,
                "to_port": 0
              }
            ],
            "id": "sg-019f2174c8e976d23",
            "ingress": [
              {
                "cidr_blocks": [
                  "0.0.0.0/0"
                ],
                "description": "Internet Connection",
                "from_port": 80,
                "ipv6_cidr_blocks": [],
                "prefix_list_ids": [],
                "protocol": "tcp",
                "security_groups": [],
                "self": false,
                "to_port": 80
              },
              {
                "cidr_blocks": [
                  "0.0.0.0/0"
                ],
                "description": "SSH",
                "from_port": 22,
                "ipv6_cidr_blocks": [],
                "prefix_list_ids": [],
                "protocol": "tcp",
                "security_groups": [],
                "self": false,
                "to_port": 22
              },
              {
                "cidr_blocks": [
                  "0.0.0.0/0"
                ],
                "description": "SSH",
                "from_port": 443,
                "ipv6_cidr_blocks": [],
                "prefix_list_ids": [],
                "protocol": "tcp",
                "security_groups": [],
                "self": false,
                "to_port": 443
              }
            ],
            "name": "apache_sg",
            "name_prefix": "",
            "owner_id": "013404364960",
            "revoke_rules_on_delete": false,
            "tags": {
              "Name": "TerraformApacheServerInstance"
            },
            "tags_all": {
              "Name": "TerraformApacheServerInstance"
            },
            "timeouts": null,
            "vpc_id": "vpc-0080ecc874b909fd1"
          },
          "sensitive_attributes": [],
          "private": "eyJlMmJmYjczMC1lY2FhLTExZTYtOGY4OC0zNDM2M2JjN2M0YzAiOnsiY3JlYXRlIjo2MDAwMDAwMDAwMDAsImRlbGV0ZSI6OTAwMDAwMDAwMDAwfSwic2NoZW1hX3ZlcnNpb24iOiIxIn0=",
          "dependencies": [
            "aws_vpc.apache_vpc"
          ]
        }
      ]
    },
    {
      "mode": "managed",
      "type": "aws_subnet",
      "name": "ansible_subnet",
      "provider": "provider[\"registry.terraform.io/hashicorp/aws\"]",
      "instances": [
        {
          "schema_version": 1,
          "attributes": {
            "arn": "arn:aws:ec2:sa-east-1:013404364960:subnet/subnet-0b75e305d0c9d78b2",
            "assign_ipv6_address_on_creation": false,
            "availability_zone": "sa-east-1a",
            "availability_zone_id": "sae1-az1",
            "cidr_block": "10.0.1.0/24",
            "customer_owned_ipv4_pool": "",
            "enable_dns64": false,
            "enable_resource_name_dns_a_record_on_launch": false,
            "enable_resource_name_dns_aaaa_record_on_launch": false,
            "id": "subnet-0b75e305d0c9d78b2",
            "ipv6_cidr_block": "",
            "ipv6_cidr_block_association_id": "",
            "ipv6_native": false,
            "map_customer_owned_ip_on_launch": false,
            "map_public_ip_on_launch": false,
            "outpost_arn": "",
            "owner_id": "013404364960",
            "private_dns_hostname_type_on_launch": "ip-name",
            "tags": {
              "Name": "TerraformApacheServerInstance"
            },
            "tags_all": {
              "Name": "TerraformApacheServerInstance"
            },
            "timeouts": null,
            "vpc_id": "vpc-05dd0deb28f4a7a72"
          },
          "sensitive_attributes": [],
          "private": "eyJlMmJmYjczMC1lY2FhLTExZTYtOGY4OC0zNDM2M2JjN2M0YzAiOnsiY3JlYXRlIjo2MDAwMDAwMDAwMDAsImRlbGV0ZSI6MTIwMDAwMDAwMDAwMH0sInNjaGVtYV92ZXJzaW9uIjoiMSJ9",
          "dependencies": [
            "aws_internet_gateway.ansible_igw",
            "aws_vpc.ansible_vpc"
          ]
        }
      ]
    },
    {
      "mode": "managed",
      "type": "aws_subnet",
      "name": "apache_subnet",
      "provider": "provider[\"registry.terraform.io/hashicorp/aws\"]",
      "instances": [
        {
          "schema_version": 1,
          "attributes": {
            "arn": "arn:aws:ec2:sa-east-1:013404364960:subnet/subnet-0c8de6bc66269ff95",
            "assign_ipv6_address_on_creation": false,
            "availability_zone": "sa-east-1a",
            "availability_zone_id": "sae1-az1",
            "cidr_block": "10.0.1.0/24",
            "customer_owned_ipv4_pool": "",
            "enable_dns64": false,
            "enable_resource_name_dns_a_record_on_launch": false,
            "enable_resource_name_dns_aaaa_record_on_launch": false,
            "id": "subnet-0c8de6bc66269ff95",
            "ipv6_cidr_block": "",
            "ipv6_cidr_block_association_id": "",
            "ipv6_native": false,
            "map_customer_owned_ip_on_launch": false,
            "map_public_ip_on_launch": false,
            "outpost_arn": "",
            "owner_id": "013404364960",
            "private_dns_hostname_type_on_launch": "ip-name",
            "tags": {
              "Name": "TerraformApacheServerInstance"
            },
            "tags_all": {
              "Name": "TerraformApacheServerInstance"
            },
            "timeouts": null,
            "vpc_id": "vpc-0080ecc874b909fd1"
          },
          "sensitive_attributes": [],
          "private": "eyJlMmJmYjczMC1lY2FhLTExZTYtOGY4OC0zNDM2M2JjN2M0YzAiOnsiY3JlYXRlIjo2MDAwMDAwMDAwMDAsImRlbGV0ZSI6MTIwMDAwMDAwMDAwMH0sInNjaGVtYV92ZXJzaW9uIjoiMSJ9",
          "dependencies": [
            "aws_internet_gateway.apache_igw",
            "aws_vpc.apache_vpc"
          ]
        }
      ]
    },
    {
      "mode": "managed",
      "type": "aws_vpc",
      "name": "ansible_vpc",
      "provider": "provider[\"registry.terraform.io/hashicorp/aws\"]",
      "instances": [
        {
          "schema_version": 1,
          "attributes": {
            "arn": "arn:aws:ec2:sa-east-1:013404364960:vpc/vpc-05dd0deb28f4a7a72",
            "assign_generated_ipv6_cidr_block": false,
            "cidr_block": "10.0.0.0/16",
            "default_network_acl_id": "acl-00abbbd5d3516c31d",
            "default_route_table_id": "rtb-032c466bbdbde0fea",
            "default_security_group_id": "sg-0eb8f35731eb20faf",
            "dhcp_options_id": "dopt-4a9bce2d",
            "enable_classiclink": false,
            "enable_classiclink_dns_support": false,
            "enable_dns_hostnames": false,
            "enable_dns_support": true,
            "id": "vpc-05dd0deb28f4a7a72",
            "instance_tenancy": "default",
            "ipv4_ipam_pool_id": null,
            "ipv4_netmask_length": null,
            "ipv6_association_id": "",
            "ipv6_cidr_block": "",
            "ipv6_cidr_block_network_border_group": "",
            "ipv6_ipam_pool_id": "",
            "ipv6_netmask_length": 0,
            "main_route_table_id": "rtb-032c466bbdbde0fea",
            "owner_id": "013404364960",
            "tags": {
              "Name": "TerraformApacheServerInstance"
            },
            "tags_all": {
              "Name": "TerraformApacheServerInstance"
            }
          },
          "sensitive_attributes": [],
          "private": "eyJzY2hlbWFfdmVyc2lvbiI6IjEifQ=="
        }
      ]
    },
    {
      "mode": "managed",
      "type": "aws_vpc",
      "name": "apache_vpc",
      "provider": "provider[\"registry.terraform.io/hashicorp/aws\"]",
      "instances": [
        {
          "schema_version": 1,
          "attributes": {
            "arn": "arn:aws:ec2:sa-east-1:013404364960:vpc/vpc-0080ecc874b909fd1",
            "assign_generated_ipv6_cidr_block": false,
            "cidr_block": "10.0.0.0/16",
            "default_network_acl_id": "acl-0c28b6a8a6f3de4d4",
            "default_route_table_id": "rtb-0bad0e8341228eadc",
            "default_security_group_id": "sg-03ba50777e12e89ac",
            "dhcp_options_id": "dopt-4a9bce2d",
            "enable_classiclink": false,
            "enable_classiclink_dns_support": false,
            "enable_dns_hostnames": false,
            "enable_dns_support": true,
            "id": "vpc-0080ecc874b909fd1",
            "instance_tenancy": "default",
            "ipv4_ipam_pool_id": null,
            "ipv4_netmask_length": null,
            "ipv6_association_id": "",
            "ipv6_cidr_block": "",
            "ipv6_cidr_block_network_border_group": "",
            "ipv6_ipam_pool_id": "",
            "ipv6_netmask_length": 0,
            "main_route_table_id": "rtb-0bad0e8341228eadc",
            "owner_id": "013404364960",
            "tags": {
              "Name": "TerraformApacheServerInstance"
            },
            "tags_all": {
              "Name": "TerraformApacheServerInstance"
            }
          },
          "sensitive_attributes": [],
          "private": "eyJzY2hlbWFfdmVyc2lvbiI6IjEifQ=="
        }
      ]
    },
    {
      "mode": "managed",
      "type": "local_file",
      "name": "create-inventory",
      "provider": "provider[\"registry.terraform.io/hashicorp/local\"]",
      "instances": [
        {
          "schema_version": 0,
          "attributes": {
            "content": "        [web]\r\n        54.94.108.98\r\n\r\n        [web:vars]\r\n        ansible_user=ubuntu\r\n        ansible_ssh_pass=-----BEGIN RSA PRIVATE KEY-----\nMIIEowIBAAKCAQEAls8tw4+4O2PpF8ogAN9eufcVs8laxUE1lVp91lkUd/cPWA88\nLdfNwrY7cipcSHEG7w6UeQoGd8q4uxXbw7jMSs/Hsvz5CajMgxohVMimLPiFxSqe\nMhWuW2Zatg41a+M+T43BcC0kR9a9x5EQCBe+8ygXuzspotwwoQmcuf3+9W6TylYY\nzNdnvfipx12+PRgKpte9p4NfsRQUSYt3SDe7BIaWWg6/9i0LxtK91d/LOAzDEsJM\nBee/ierttuw1N96B+u2y7SirFNc5pgHup/Ry9L4IGeCeMAkfkxC4zJPdeOt8rEF+\n6Z88JQE0qZGQ+kmhmUR6LpajVhCt90wz2bDFwQIDAQABAoIBAH53MptidE5plFi8\nyWWx60/roiloW1Q7QOIERq5veTi42Acyj3aqGASGqQct+sFM91GVWnC+NXpTZ+KL\njAVvfPHnmEHC3lx5TzdJvFXLBX+E0Tjsakj54YMILF2rQKU+pUw1Rdf6IwiTTgaC\n4XzH3PsvzebW0C2glK8WznUySJIrYl57GIjPkMSdGQU9a9d283g0BtAnec9iUi/u\n/czQ2EANxK8CRqStDYnFyYFHFoDZnPhTvvzSv4RcJB+ohiMVBeSWzkSv/7B8njQW\nMFOyEviMF3rQ/NyFIAemepo1O+aI6IfqYhQRZHGlS331yf8A5wIM2UYcNGFkFGy6\n5N8mR6ECgYEA3tz210rnyeX/Ai+K3i89fhdP9T55RvJWgNiIqUuBiLtQQA5Me4N6\nCZ4YOlI8dSjEcYOYnRjYy1GnFdp28ZP1WDm3B9N0eozmzmvHBjzShx6dl7Fj6LJB\nHnlkX8xt196epg8yD9Mc7NNC6QUVXN9R9TrvtPgFJCv6CADfeIK8OV0CgYEArTuQ\nxExW44AFhBGcx8DaAR6hMVZ/tGCqNaULuLNVkra+J5SzRRiCry0CAnhyTlY78o/q\nAp7BxuaN3hXXxlRwK0QJqsbVwQ0Q92oYTjn81vJUy8ldOyJ0XsMFVbo2aJkJ599j\nLWWzANWzBH+Flcz6Mqz/ckac//2jgpqUVjsOo7UCgYEApS7D6lkDqfrF4xnX5MzA\n2DdxNUXj3/j4srFLwadMUEr9tSyj9ZxClORP8tJHK1NXHwe50x66eSCBJkpxhKb0\n3zqP9cX9/GN5IyBxOKdWJ35Csk9xzORqLasuAW9lLu47SrvSkDYap1ICsvHonpiL\nh6bySoDWVrQds1bqS8kit6UCgYBZdDLTSuBrZgZzJm0hMVLh1SFDyvjy+h+qx+l/\nnQuJUVhsM/tGqNuC/ejVwcC09w7JuMsMQ1KpFREZJ4pe3ed2UBH13+stX0Ptnxmh\n+4u2qzhiaz77dFVHQcmVdSz3Yl+dHtul66g9vBxPLFKdAlYIqRDXv+L+xckTfiMv\nTBvJKQKBgDMBgWr0qVzeeg01AIw0lEdaWmUA1/5WuKPJE39IsFzwTomvTkI30yZq\nZ5H/t62vMAp/PUqm8r2iPJ1tk4VxYOYwHMxv8IQSdqDRcimhfI2+uNCcVqSR8v7d\nbAz8WUSqy6+pQmJrWkxg3AUzf5r1lvw0VIzGsReihQjHuFmjw+gD\n-----END RSA PRIVATE KEY-----\r\n        ansible_ssh_common_args=\"-o StrictHostKeyChecking=no\"\r\n        ansible_python_interpreter=/usr/bin/python3\r\n",
            "content_base64": null,
            "directory_permission": "0777",
            "file_permission": "0777",
            "filename": "./ansible/hosts",
            "id": "b0a273bf264435c299bf278ea81f109e52bc4716",
            "sensitive_content": null,
            "source": null
          },
          "sensitive_attributes": [],
          "private": "bnVsbA==",
          "dependencies": [
            "aws_eip.ansible_eip",
            "aws_instance.ansible_ec2_server",
            "aws_internet_gateway.ansible_igw",
            "aws_security_group.ansible_sg",
            "aws_subnet.ansible_subnet",
            "aws_vpc.ansible_vpc"
          ]
        }
      ]
    },
    {
      "mode": "managed",
      "type": "null_resource",
      "name": "run_ansible",
      "provider": "provider[\"registry.terraform.io/hashicorp/null\"]",
      "instances": [
        {
          "status": "tainted",
          "schema_version": 0,
          "attributes": {
            "id": "7561503104405463918",
            "triggers": null
          },
          "sensitive_attributes": [],
          "private": "bnVsbA==",
          "dependencies": [
            "aws_eip.ansible_eip",
            "aws_instance.ansible_ec2_server",
            "null_resource.upload_ansible"
          ]
        }
      ]
    },
    {
      "mode": "managed",
      "type": "null_resource",
      "name": "upload_ansible",
      "provider": "provider[\"registry.terraform.io/hashicorp/null\"]",
      "instances": [
        {
          "schema_version": 0,
          "attributes": {
            "id": "8922663183606068033",
            "triggers": null
          },
          "sensitive_attributes": [],
          "private": "bnVsbA==",
          "dependencies": [
            "aws_eip.ansible_eip",
            "aws_instance.ansible_ec2_server",
            "aws_internet_gateway.ansible_igw",
            "aws_security_group.ansible_sg",
            "aws_subnet.ansible_subnet",
            "aws_vpc.ansible_vpc",
            "local_file.create-inventory"
          ]
        }
      ]
    },
    {
      "mode": "managed",
      "type": "time_sleep",
      "name": "wait_30_seconds",
      "provider": "provider[\"registry.terraform.io/hashicorp/time\"]",
      "instances": [
        {
          "schema_version": 0,
          "attributes": {
            "create_duration": "30s",
            "destroy_duration": null,
            "id": "2022-04-07T02:49:54Z",
            "triggers": null
          },
          "sensitive_attributes": [],
          "private": "bnVsbA==",
          "dependencies": [
            "aws_instance.ansible_ec2_server",
            "aws_internet_gateway.ansible_igw",
            "aws_security_group.ansible_sg",
            "aws_subnet.ansible_subnet",
            "aws_vpc.ansible_vpc"
          ]
        }
      ]
    }
  ]
}
